// !$*UTF8*$!
{
	archiveVersion = 1;
	classes = {
	};
	objectVersion = 46;
	objects = {

/* Begin PBXBuildFile section */
		9C6DBF761CE88A8300D6BDA7 /* AppDelegate.swift in Sources */ = {isa = PBXBuildFile; fileRef = 9C6DBF751CE88A8300D6BDA7 /* AppDelegate.swift */; };
		9C6DBF781CE88A8300D6BDA7 /* ViewController.swift in Sources */ = {isa = PBXBuildFile; fileRef = 9C6DBF771CE88A8300D6BDA7 /* ViewController.swift */; };
		9C6DBF7B1CE88A8300D6BDA7 /* Main.storyboard in Resources */ = {isa = PBXBuildFile; fileRef = 9C6DBF791CE88A8300D6BDA7 /* Main.storyboard */; };
		9C6DBF7D1CE88A8300D6BDA7 /* Assets.xcassets in Resources */ = {isa = PBXBuildFile; fileRef = 9C6DBF7C1CE88A8300D6BDA7 /* Assets.xcassets */; };
		9C6DBF801CE88A8300D6BDA7 /* LaunchScreen.storyboard in Resources */ = {isa = PBXBuildFile; fileRef = 9C6DBF7E1CE88A8300D6BDA7 /* LaunchScreen.storyboard */; };
		9C6DBF8B1CE88A8300D6BDA7 /* SHandProTests.swift in Sources */ = {isa = PBXBuildFile; fileRef = 9C6DBF8A1CE88A8300D6BDA7 /* SHandProTests.swift */; };
		9C6DBF961CE88A8300D6BDA7 /* SHandProUITests.swift in Sources */ = {isa = PBXBuildFile; fileRef = 9C6DBF951CE88A8300D6BDA7 /* SHandProUITests.swift */; };
		9C6DBFA91CE88CF500D6BDA7 /* MainPageViewController.swift in Sources */ = {isa = PBXBuildFile; fileRef = 9C6DBFA81CE88CF500D6BDA7 /* MainPageViewController.swift */; };
		9C6DBFAB1CE88D0500D6BDA7 /* MessageViewController.swift in Sources */ = {isa = PBXBuildFile; fileRef = 9C6DBFAA1CE88D0500D6BDA7 /* MessageViewController.swift */; };
		9C6DBFAD1CE8904500D6BDA7 /* PersonalCenterViewController.swift in Sources */ = {isa = PBXBuildFile; fileRef = 9C6DBFAC1CE8904500D6BDA7 /* PersonalCenterViewController.swift */; };
		9C6DBFAF1CE8905800D6BDA7 /* ReleaseViewController.swift in Sources */ = {isa = PBXBuildFile; fileRef = 9C6DBFAE1CE8905800D6BDA7 /* ReleaseViewController.swift */; };
		9CB370071CE9D224001AA4EC /* CommunityViewController.swift in Sources */ = {isa = PBXBuildFile; fileRef = 9CB370061CE9D224001AA4EC /* CommunityViewController.swift */; };
/* End PBXBuildFile section */

/* Begin PBXContainerItemProxy section */
		9C6DBF871CE88A8300D6BDA7 /* PBXContainerItemProxy */ = {
			isa = PBXContainerItemProxy;
			containerPortal = 9C6DBF6A1CE88A8200D6BDA7 /* Project object */;
			proxyType = 1;
			remoteGlobalIDString = 9C6DBF711CE88A8200D6BDA7;
			remoteInfo = SHandPro;
		};
		9C6DBF921CE88A8300D6BDA7 /* PBXContainerItemProxy */ = {
			isa = PBXContainerItemProxy;
			containerPortal = 9C6DBF6A1CE88A8200D6BDA7 /* Project object */;
			proxyType = 1;
			remoteGlobalIDString = 9C6DBF711CE88A8200D6BDA7;
			remoteInfo = SHandPro;
		};
/* End PBXContainerItemProxy section */

/* Begin PBXFileReference section */
		9C6DBF721CE88A8200D6BDA7 /* SHandPro.app */ = {isa = PBXFileReference; explicitFileType = wrapper.application; includeInIndex = 0; path = SHandPro.app; sourceTree = BUILT_PRODUCTS_DIR; };
		9C6DBF751CE88A8300D6BDA7 /* AppDelegate.swift */ = {isa = PBXFileReference; lastKnownFileType = sourcecode.swift; path = AppDelegate.swift; sourceTree = "<group>"; };
		9C6DBF771CE88A8300D6BDA7 /* ViewController.swift */ = {isa = PBXFileReference; lastKnownFileType = sourcecode.swift; path = ViewController.swift; sourceTree = "<group>"; };
		9C6DBF7A1CE88A8300D6BDA7 /* Base */ = {isa = PBXFileReference; lastKnownFileType = file.storyboard; name = Base; path = Base.lproj/Main.storyboard; sourceTree = "<group>"; };
		9C6DBF7C1CE88A8300D6BDA7 /* Assets.xcassets */ = {isa = PBXFileReference; lastKnownFileType = folder.assetcatalog; path = Assets.xcassets; sourceTree = "<group>"; };
		9C6DBF7F1CE88A8300D6BDA7 /* Base */ = {isa = PBXFileReference; lastKnownFileType = file.storyboard; name = Base; path = Base.lproj/LaunchScreen.storyboard; sourceTree = "<group>"; };
		9C6DBF811CE88A8300D6BDA7 /* Info.plist */ = {isa = PBXFileReference; lastKnownFileType = text.plist.xml; path = Info.plist; sourceTree = "<group>"; };
		9C6DBF861CE88A8300D6BDA7 /* SHandProTests.xctest */ = {isa = PBXFileReference; explicitFileType = wrapper.cfbundle; includeInIndex = 0; path = SHandProTests.xctest; sourceTree = BUILT_PRODUCTS_DIR; };
		9C6DBF8A1CE88A8300D6BDA7 /* SHandProTests.swift */ = {isa = PBXFileReference; lastKnownFileType = sourcecode.swift; path = SHandProTests.swift; sourceTree = "<group>"; };
		9C6DBF8C1CE88A8300D6BDA7 /* Info.plist */ = {isa = PBXFileReference; lastKnownFileType = text.plist.xml; path = Info.plist; sourceTree = "<group>"; };
		9C6DBF911CE88A8300D6BDA7 /* SHandProUITests.xctest */ = {isa = PBXFileReference; explicitFileType = wrapper.cfbundle; includeInIndex = 0; path = SHandProUITests.xctest; sourceTree = BUILT_PRODUCTS_DIR; };
		9C6DBF951CE88A8300D6BDA7 /* SHandProUITests.swift */ = {isa = PBXFileReference; lastKnownFileType = sourcecode.swift; path = SHandProUITests.swift; sourceTree = "<group>"; };
		9C6DBF971CE88A8300D6BDA7 /* Info.plist */ = {isa = PBXFileReference; lastKnownFileType = text.plist.xml; path = Info.plist; sourceTree = "<group>"; };
		9C6DBFA81CE88CF500D6BDA7 /* MainPageViewController.swift */ = {isa = PBXFileReference; fileEncoding = 4; lastKnownFileType = sourcecode.swift; path = MainPageViewController.swift; sourceTree = "<group>"; };
		9C6DBFAA1CE88D0500D6BDA7 /* MessageViewController.swift */ = {isa = PBXFileReference; fileEncoding = 4; lastKnownFileType = sourcecode.swift; path = MessageViewController.swift; sourceTree = "<group>"; };
		9C6DBFAC1CE8904500D6BDA7 /* PersonalCenterViewController.swift */ = {isa = PBXFileReference; fileEncoding = 4; lastKnownFileType = sourcecode.swift; path = PersonalCenterViewController.swift; sourceTree = "<group>"; };
		9C6DBFAE1CE8905800D6BDA7 /* ReleaseViewController.swift */ = {isa = PBXFileReference; fileEncoding = 4; lastKnownFileType = sourcecode.swift; path = ReleaseViewController.swift; sourceTree = "<group>"; };
		9CB370061CE9D224001AA4EC /* CommunityViewController.swift */ = {isa = PBXFileReference; fileEncoding = 4; lastKnownFileType = sourcecode.swift; path = CommunityViewController.swift; sourceTree = "<group>"; };
/* End PBXFileReference section */

/* Begin PBXFrameworksBuildPhase section */
		9C6DBF6F1CE88A8200D6BDA7 /* Frameworks */ = {
			isa = PBXFrameworksBuildPhase;
			buildActionMask = 2147483647;
			files = (
			);
			runOnlyForDeploymentPostprocessing = 0;
		};
		9C6DBF831CE88A8300D6BDA7 /* Frameworks */ = {
			isa = PBXFrameworksBuildPhase;
			buildActionMask = 2147483647;
			files = (
			);
			runOnlyForDeploymentPostprocessing = 0;
		};
		9C6DBF8E1CE88A8300D6BDA7 /* Frameworks */ = {
			isa = PBXFrameworksBuildPhase;
			buildActionMask = 2147483647;
			files = (
			);
			runOnlyForDeploymentPostprocessing = 0;
		};
/* End PBXFrameworksBuildPhase section */

/* Begin PBXGroup section */
		9C6DBF691CE88A8200D6BDA7 = {
			isa = PBXGroup;
			children = (
				9C6DBF741CE88A8300D6BDA7 /* SHandPro */,
				9C6DBF891CE88A8300D6BDA7 /* SHandProTests */,
				9C6DBF941CE88A8300D6BDA7 /* SHandProUITests */,
				9C6DBF731CE88A8200D6BDA7 /* Products */,
			);
			sourceTree = "<group>";
		};
		9C6DBF731CE88A8200D6BDA7 /* Products */ = {
			isa = PBXGroup;
			children = (
				9C6DBF721CE88A8200D6BDA7 /* SHandPro.app */,
				9C6DBF861CE88A8300D6BDA7 /* SHandProTests.xctest */,
				9C6DBF911CE88A8300D6BDA7 /* SHandProUITests.xctest */,
			);
			name = Products;
			sourceTree = "<group>";
		};
		9C6DBF741CE88A8300D6BDA7 /* SHandPro */ = {
			isa = PBXGroup;
			children = (
				9CB370051CE9D203001AA4EC /* Community */,
				9C6DBFA31CE88CD000D6BDA7 /* MainPage */,
				9C6DBFA41CE88CD000D6BDA7 /* Message */,
				9C6DBFA51CE88CD000D6BDA7 /* PersonalCenter */,
				9C6DBFA61CE88CD000D6BDA7 /* Release */,
				9C6DBFA71CE88CD000D6BDA7 /* Resource */,
				9C6DBF751CE88A8300D6BDA7 /* AppDelegate.swift */,
				9C6DBF771CE88A8300D6BDA7 /* ViewController.swift */,
				9C6DBF791CE88A8300D6BDA7 /* Main.storyboard */,
				9C6DBF7C1CE88A8300D6BDA7 /* Assets.xcassets */,
				9C6DBF7E1CE88A8300D6BDA7 /* LaunchScreen.storyboard */,
				9C6DBF811CE88A8300D6BDA7 /* Info.plist */,
			);
			path = SHandPro;
			sourceTree = "<group>";
		};
		9C6DBF891CE88A8300D6BDA7 /* SHandProTests */ = {
			isa = PBXGroup;
			children = (
				9C6DBF8A1CE88A8300D6BDA7 /* SHandProTests.swift */,
				9C6DBF8C1CE88A8300D6BDA7 /* Info.plist */,
			);
			path = SHandProTests;
			sourceTree = "<group>";
		};
		9C6DBF941CE88A8300D6BDA7 /* SHandProUITests */ = {
			isa = PBXGroup;
			children = (
				9C6DBF951CE88A8300D6BDA7 /* SHandProUITests.swift */,
				9C6DBF971CE88A8300D6BDA7 /* Info.plist */,
			);
			path = SHandProUITests;
			sourceTree = "<group>";
		};
		9C6DBFA31CE88CD000D6BDA7 /* MainPage */ = {
			isa = PBXGroup;
			children = (
				9C6DBFA81CE88CF500D6BDA7 /* MainPageViewController.swift */,
			);
			path = MainPage;
			sourceTree = "<group>";
		};
		9C6DBFA41CE88CD000D6BDA7 /* Message */ = {
			isa = PBXGroup;
			children = (
				9C6DBFAA1CE88D0500D6BDA7 /* MessageViewController.swift */,
			);
			path = Message;
			sourceTree = "<group>";
		};
		9C6DBFA51CE88CD000D6BDA7 /* PersonalCenter */ = {
			isa = PBXGroup;
			children = (
				9C6DBFAC1CE8904500D6BDA7 /* PersonalCenterViewController.swift */,
			);
			path = PersonalCenter;
			sourceTree = "<group>";
		};
		9C6DBFA61CE88CD000D6BDA7 /* Release */ = {
			isa = PBXGroup;
			children = (
				9C6DBFAE1CE8905800D6BDA7 /* ReleaseViewController.swift */,
			);
			path = Release;
			sourceTree = "<group>";
		};
		9C6DBFA71CE88CD000D6BDA7 /* Resource */ = {
			isa = PBXGroup;
			children = (
			);
			path = Resource;
			sourceTree = "<group>";
		};
		9CB370051CE9D203001AA4EC /* Community */ = {
			isa = PBXGroup;
			children = (
				9CB370061CE9D224001AA4EC /* CommunityViewController.swift */,
			);
			path = Community;
			sourceTree = "<group>";
		};
/* End PBXGroup section */

/* Begin PBXNativeTarget section */
		9C6DBF711CE88A8200D6BDA7 /* SHandPro */ = {
			isa = PBXNativeTarget;
			buildConfigurationList = 9C6DBF9A1CE88A8300D6BDA7 /* Build configuration list for PBXNativeTarget "SHandPro" */;
			buildPhases = (
				9C6DBF6E1CE88A8200D6BDA7 /* Sources */,
				9C6DBF6F1CE88A8200D6BDA7 /* Frameworks */,
				9C6DBF701CE88A8200D6BDA7 /* Resources */,
			);
			buildRules = (
			);
			dependencies = (
			);
			name = SHandPro;
			productName = SHandPro;
			productReference = 9C6DBF721CE88A8200D6BDA7 /* SHandPro.app */;
			productType = "com.apple.product-type.application";
		};
		9C6DBF851CE88A8300D6BDA7 /* SHandProTests */ = {
			isa = PBXNativeTarget;
			buildConfigurationList = 9C6DBF9D1CE88A8300D6BDA7 /* Build configuration list for PBXNativeTarget "SHandProTests" */;
			buildPhases = (
				9C6DBF821CE88A8300D6BDA7 /* Sources */,
				9C6DBF831CE88A8300D6BDA7 /* Frameworks */,
				9C6DBF841CE88A8300D6BDA7 /* Resources */,
			);
			buildRules = (
			);
			dependencies = (
				9C6DBF881CE88A8300D6BDA7 /* PBXTargetDependency */,
			);
			name = SHandProTests;
			productName = SHandProTests;
			productReference = 9C6DBF861CE88A8300D6BDA7 /* SHandProTests.xctest */;
			productType = "com.apple.product-type.bundle.unit-test";
		};
		9C6DBF901CE88A8300D6BDA7 /* SHandProUITests */ = {
			isa = PBXNativeTarget;
			buildConfigurationList = 9C6DBFA01CE88A8300D6BDA7 /* Build configuration list for PBXNativeTarget "SHandProUITests" */;
			buildPhases = (
				9C6DBF8D1CE88A8300D6BDA7 /* Sources */,
				9C6DBF8E1CE88A8300D6BDA7 /* Frameworks */,
				9C6DBF8F1CE88A8300D6BDA7 /* Resources */,
			);
			buildRules = (
			);
			dependencies = (
				9C6DBF931CE88A8300D6BDA7 /* PBXTargetDependency */,
			);
			name = SHandProUITests;
			productName = SHandProUITests;
			productReference = 9C6DBF911CE88A8300D6BDA7 /* SHandProUITests.xctest */;
			productType = "com.apple.product-type.bundle.ui-testing";
		};
/* End PBXNativeTarget section */

/* Begin PBXProject section */
		9C6DBF6A1CE88A8200D6BDA7 /* Project object */ = {
			isa = PBXProject;
			attributes = {
				LastSwiftUpdateCheck = 0730;
				LastUpgradeCheck = 0730;
				ORGANIZATIONNAME = Hubert;
				TargetAttributes = {
					9C6DBF711CE88A8200D6BDA7 = {
						CreatedOnToolsVersion = 7.3;
					};
					9C6DBF851CE88A8300D6BDA7 = {
						CreatedOnToolsVersion = 7.3;
						TestTargetID = 9C6DBF711CE88A8200D6BDA7;
					};
					9C6DBF901CE88A8300D6BDA7 = {
						CreatedOnToolsVersion = 7.3;
						TestTargetID = 9C6DBF711CE88A8200D6BDA7;
					};
				};
			};
			buildConfigurationList = 9C6DBF6D1CE88A8200D6BDA7 /* Build configuration list for PBXProject "SHandPro" */;
			compatibilityVersion = "Xcode 3.2";
			developmentRegion = English;
			hasScannedForEncodings = 0;
			knownRegions = (
				en,
				Base,
			);
			mainGroup = 9C6DBF691CE88A8200D6BDA7;
			productRefGroup = 9C6DBF731CE88A8200D6BDA7 /* Products */;
			projectDirPath = "";
			projectRoot = "";
			targets = (
				9C6DBF711CE88A8200D6BDA7 /* SHandPro */,
				9C6DBF851CE88A8300D6BDA7 /* SHandProTests */,
				9C6DBF901CE88A8300D6BDA7 /* SHandProUITests */,
			);
		};
/* End PBXProject section */

/* Begin PBXResourcesBuildPhase section */
		9C6DBF701CE88A8200D6BDA7 /* Resources */ = {
			isa = PBXResourcesBuildPhase;
			buildActionMask = 2147483647;
			files = (
				9C6DBF801CE88A8300D6BDA7 /* LaunchScreen.storyboard in Resources */,
				9C6DBF7D1CE88A8300D6BDA7 /* Assets.xcassets in Resources */,
				9C6DBF7B1CE88A8300D6BDA7 /* Main.storyboard in Resources */,
			);
			runOnlyForDeploymentPostprocessing = 0;
		};
		9C6DBF841CE88A8300D6BDA7 /* Resources */ = {
			isa = PBXResourcesBuildPhase;
			buildActionMask = 2147483647;
			files = (
			);
			runOnlyForDeploymentPostprocessing = 0;
		};
		9C6DBF8F1CE88A8300D6BDA7 /* Resources */ = {
			isa = PBXResourcesBuildPhase;
			buildActionMask = 2147483647;
			files = (
			);
			runOnlyForDeploymentPostprocessing = 0;
		};
/* End PBXResourcesBuildPhase section */

/* Begin PBXSourcesBuildPhase section */
		9C6DBF6E1CE88A8200D6BDA7 /* Sources */ = {
			isa = PBXSourcesBuildPhase;
			buildActionMask = 2147483647;
			files = (
				9C6DBF781CE88A8300D6BDA7 /* ViewController.swift in Sources */,
				9C6DBFA91CE88CF500D6BDA7 /* MainPageViewController.swift in Sources */,
				9C6DBFAB1CE88D0500D6BDA7 /* MessageViewController.swift in Sources */,
				9C6DBF761CE88A8300D6BDA7 /* AppDelegate.swift in Sources */,
				9C6DBFAF1CE8905800D6BDA7 /* ReleaseViewController.swift in Sources */,
				9C6DBFAD1CE8904500D6BDA7 /* PersonalCenterViewController.swift in Sources */,
				9CB370071CE9D224001AA4EC /* CommunityViewController.swift in Sources */,
			);
			runOnlyForDeploymentPostprocessing = 0;
		};
		9C6DBF821CE88A8300D6BDA7 /* Sources */ = {
			isa = PBXSourcesBuildPhase;
			buildActionMask = 2147483647;
			files = (
				9C6DBF8B1CE88A8300D6BDA7 /* SHandProTests.swift in Sources */,
			);
			runOnlyForDeploymentPostprocessing = 0;
		};
		9C6DBF8D1CE88A8300D6BDA7 /* Sources */ = {
			isa = PBXSourcesBuildPhase;
			buildActionMask = 2147483647;
			files = (
				9C6DBF961CE88A8300D6BDA7 /* SHandProUITests.swift in Sources */,
			);
			runOnlyForDeploymentPostprocessing = 0;
		};
/* End PBXSourcesBuildPhase section */

/* Begin PBXTargetDependency section */
		9C6DBF881CE88A8300D6BDA7 /* PBXTargetDependency */ = {
			isa = PBXTargetDependency;
			target = 9C6DBF711CE88A8200D6BDA7 /* SHandPro */;
			targetProxy = 9C6DBF871CE88A8300D6BDA7 /* PBXContainerItemProxy */;
		};
		9C6DBF931CE88A8300D6BDA7 /* PBXTargetDependency */ = {
			isa = PBXTargetDependency;
			target = 9C6DBF711CE88A8200D6BDA7 /* SHandPro */;
			targetProxy = 9C6DBF921CE88A8300D6BDA7 /* PBXContainerItemProxy */;
		};
/* End PBXTargetDependency section */

/* Begin PBXVariantGroup section */
		9C6DBF791CE88A8300D6BDA7 /* Main.storyboard */ = {
			isa = PBXVariantGroup;
			children = (
				9C6DBF7A1CE88A8300D6BDA7 /* Base */,
			);
			name = Main.storyboard;
			sourceTree = "<group>";
		};
		9C6DBF7E1CE88A8300D6BDA7 /* LaunchScreen.storyboard */ = {
			isa = PBXVariantGroup;
			children = (
				9C6DBF7F1CE88A8300D6BDA7 /* Base */,
			);
			name = LaunchScreen.storyboard;
			sourceTree = "<group>";
		};
/* End PBXVariantGroup section */

/* Begin XCBuildConfiguration section */
		9C6DBF981CE88A8300D6BDA7 /* Debug */ = {
			isa = XCBuildConfiguration;
			buildSettings = {
				ALWAYS_SEARCH_USER_PATHS = NO;
				CLANG_ANALYZER_NONNULL = YES;
				CLANG_CXX_LANGUAGE_STANDARD = "gnu++0x";
				CLANG_CXX_LIBRARY = "libc++";
				CLANG_ENABLE_MODULES = YES;
				CLANG_ENABLE_OBJC_ARC = YES;
				CLANG_WARN_BOOL_CONVERSION = YES;
				CLANG_WARN_CONSTANT_CONVERSION = YES;
				CLANG_WARN_DIRECT_OBJC_ISA_USAGE = YES_ERROR;
				CLANG_WARN_EMPTY_BODY = YES;
				CLANG_WARN_ENUM_CONVERSION = YES;
				CLANG_WARN_INT_CONVERSION = YES;
				CLANG_WARN_OBJC_ROOT_CLASS = YES_ERROR;
				CLANG_WARN_UNREACHABLE_CODE = YES;
				CLANG_WARN__DUPLICATE_METHOD_MATCH = YES;
				"CODE_SIGN_IDENTITY[sdk=iphoneos*]" = "iPhone Developer";
				COPY_PHASE_STRIP = NO;
				DEBUG_INFORMATION_FORMAT = dwarf;
				ENABLE_STRICT_OBJC_MSGSEND = YES;
				ENABLE_TESTABILITY = YES;
				GCC_C_LANGUAGE_STANDARD = gnu99;
				GCC_DYNAMIC_NO_PIC = NO;
				GCC_NO_COMMON_BLOCKS = YES;
				GCC_OPTIMIZATION_LEVEL = 0;
				GCC_PREPROCESSOR_DEFINITIONS = (
					"DEBUG=1",
					"$(inherited)",
				);
				GCC_WARN_64_TO_32_BIT_CONVERSION = YES;
				GCC_WARN_ABOUT_RETURN_TYPE = YES_ERROR;
				GCC_WARN_UNDECLARED_SELECTOR = YES;
				GCC_WARN_UNINITIALIZED_AUTOS = YES_AGGRESSIVE;
				GCC_WARN_UNUSED_FUNCTION = YES;
				GCC_WARN_UNUSED_VARIABLE = YES;
				IPHONEOS_DEPLOYMENT_TARGET = 9.3;
				MTL_ENABLE_DEBUG_INFO = YES;
				ONLY_ACTIVE_ARCH = YES;
				SDKROOT = iphoneos;
				SWIFT_OPTIMIZATION_LEVEL = "-Onone";
			};
			name = Debug;
		};
		9C6DBF991CE88A8300D6BDA7 /* Release */ = {
			isa = XCBuildConfiguration;
			buildSettings = {
				ALWAYS_SEARCH_USER_PATHS = NO;
				CLANG_ANALYZER_NONNULL = YES;
				CLANG_CXX_LANGUAGE_STANDARD = "gnu++0x";
				CLANG_CXX_LIBRARY = "libc++";
				CLANG_ENABLE_MODULES = YES;
				CLANG_ENABLE_OBJC_ARC = YES;
				CLANG_WARN_BOOL_CONVERSION = YES;
				CLANG_WARN_CONSTANT_CONVERSION = YES;
				CLANG_WARN_DIRECT_OBJC_ISA_USAGE = YES_ERROR;
				CLANG_WARN_EMPTY_BODY = YES;
				CLANG_WARN_ENUM_CONVERSION = YES;
				CLANG_WARN_INT_CONVERSION = YES;
				CLANG_WARN_OBJC_ROOT_CLASS = YES_ERROR;
				CLANG_WARN_UNREACHABLE_CODE = YES;
				CLANG_WARN__DUPLICATE_METHOD_MATCH = YES;
				"CODE_SIGN_IDENTITY[sdk=iphoneos*]" = "iPhone Developer";
				COPY_PHASE_STRIP = NO;
				DEBUG_INFORMATION_FORMAT = "dwarf-with-dsym";
				ENABLE_NS_ASSERTIONS = NO;
				ENABLE_STRICT_OBJC_MSGSEND = YES;
				GCC_C_LANGUAGE_STANDARD = gnu99;
				GCC_NO_COMMON_BLOCKS = YES;
				GCC_WARN_64_TO_32_BIT_CONVERSION = YES;
				GCC_WARN_ABOUT_RETURN_TYPE = YES_ERROR;
				GCC_WARN_UNDECLARED_SELECTOR = YES;
				GCC_WARN_UNINITIALIZED_AUTOS = YES_AGGRESSIVE;
				GCC_WARN_UNUSED_FUNCTION = YES;
				GCC_WARN_UNUSED_VARIABLE = YES;
				IPHONEOS_DEPLOYMENT_TARGET = 9.3;
				MTL_ENABLE_DEBUG_INFO = NO;
				SDKROOT = iphoneos;
				VALIDATE_PRODUCT = YES;
			};
			name = Release;
		};
		9C6DBF9B1CE88A8300D6BDA7 /* Debug */ = {
			isa = XCBuildConfiguration;
			buildSettings = {
				ASSETCATALOG_COMPILER_APPICON_NAME = AppIcon;
				INFOPLIST_FILE = SHandPro/Info.plist;
				LD_RUNPATH_SEARCH_PATHS = "$(inherited) @executable_path/Frameworks";
				PRODUCT_BUNDLE_IDENTIFIER = com.5173.SHandPro;
				PRODUCT_NAME = "$(TARGET_NAME)";
			};
			name = Debug;
		};
		9C6DBF9C1CE88A8300D6BDA7 /* Release */ = {
			isa = XCBuildConfiguration;
			buildSettings = {
				ASSETCATALOG_COMPILER_APPICON_NAME = AppIcon;
				INFOPLIST_FILE = SHandPro/Info.plist;
				LD_RUNPATH_SEARCH_PATHS = "$(inherited) @executable_path/Frameworks";
				PRODUCT_BUNDLE_IDENTIFIER = com.5173.SHandPro;
				PRODUCT_NAME = "$(TARGET_NAME)";
			};
			name = Release;
		};
		9C6DBF9E1CE88A8300D6BDA7 /* Debug */ = {
			isa = XCBuildConfiguration;
			buildSettings = {
				BUNDLE_LOADER = "$(TEST_HOST)";
				INFOPLIST_FILE = SHandProTests/Info.plist;
				LD_RUNPATH_SEARCH_PATHS = "$(inherited) @executable_path/Frameworks @loader_path/Frameworks";
				PRODUCT_BUNDLE_IDENTIFIER = com.5173.SHandProTests;
				PRODUCT_NAME = "$(TARGET_NAME)";
				TEST_HOST = "$(BUILT_PRODUCTS_DIR)/SHandPro.app/SHandPro";
			};
			name = Debug;
		};
		9C6DBF9F1CE88A8300D6BDA7 /* Release */ = {
			isa = XCBuildConfiguration;
			buildSettings = {
				BUNDLE_LOADER = "$(TEST_HOST)";
				INFOPLIST_FILE = SHandProTests/Info.plist;
				LD_RUNPATH_SEARCH_PATHS = "$(inherited) @executable_path/Frameworks @loader_path/Frameworks";
				PRODUCT_BUNDLE_IDENTIFIER = com.5173.SHandProTests;
				PRODUCT_NAME = "$(TARGET_NAME)";
				TEST_HOST = "$(BUILT_PRODUCTS_DIR)/SHandPro.app/SHandPro";
			};
			name = Release;
		};
		9C6DBFA11CE88A8300D6BDA7 /* Debug */ = {
			isa = XCBuildConfiguration;
			buildSettings = {
				INFOPLIST_FILE = SHandProUITests/Info.plist;
				LD_RUNPATH_SEARCH_PATHS = "$(inherited) @executable_path/Frameworks @loader_path/Frameworks";
				PRODUCT_BUNDLE_IDENTIFIER = com.5173.SHandProUITests;
				PRODUCT_NAME = "$(TARGET_NAME)";
				TEST_TARGET_NAME = SHandPro;
			};
			name = Debug;
		};
		9C6DBFA21CE88A8300D6BDA7 /* Release */ = {
			isa = XCBuildConfiguration;
			buildSettings = {
				INFOPLIST_FILE = SHandProUITests/Info.plist;
				LD_RUNPATH_SEARCH_PATHS = "$(inherited) @executable_path/Frameworks @loader_path/Frameworks";
				PRODUCT_BUNDLE_IDENTIFIER = com.5173.SHandProUITests;
				PRODUCT_NAME = "$(TARGET_NAME)";
				TEST_TARGET_NAME = SHandPro;
			};
			name = Release;
		};
/* End XCBuildConfiguration section */

/* Begin XCConfigurationList section */
		9C6DBF6D1CE88A8200D6BDA7 /* Build configuration list for PBXProject "SHandPro" */ = {
			isa = XCConfigurationList;
			buildConfigurations = (
				9C6DBF981CE88A8300D6BDA7 /* Debug */,
				9C6DBF991CE88A8300D6BDA7 /* Release */,
			);
			defaultConfigurationIsVisible = 0;
			defaultConfigurationName = Release;
		};
		9C6DBF9A1CE88A8300D6BDA7 /* Build configuration list for PBXNativeTarget "SHandPro" */ = {
			isa = XCConfigurationList;
			buildConfigurations = (
				9C6DBF9B1CE88A8300D6BDA7 /* Debug */,
				9C6DBF9C1CE88A8300D6BDA7 /* Release */,
			);
			defaultConfigurationIsVisible = 0;
			defaultConfigurationName = Release;
		};
		9C6DBF9D1CE88A8300D6BDA7 /* Build configuration list for PBXNativeTarget "SHandProTests" */ = {
			isa = XCConfigurationList;
			buildConfigurations = (
				9C6DBF9E1CE88A8300D6BDA7 /* Debug */,
				9C6DBF9F1CE88A8300D6BDA7 /* Release */,
			);
			defaultConfigurationIsVisible = 0;
			defaultConfigurationName = Release;
		};
		9C6DBFA01CE88A8300D6BDA7 /* Build configuration list for PBXNativeTarget "SHandProUITests" */ = {
			isa = XCConfigurationList;
			buildConfigurations = (
				9C6DBFA11CE88A8300D6BDA7 /* Debug */,
				9C6DBFA21CE88A8300D6BDA7 /* Release */,
			);
			defaultConfigurationIsVisible = 0;
			defaultConfigurationName = Release;
		};
/* End XCConfigurationList section */
	};
	rootObject = 9C6DBF6A1CE88A8200D6BDA7 /* Project object */;
}
